
Microsoft Visual Studio Solution File, Format Version 12.00
# Visual Studio 15
VisualStudioVersion = 15.0.28010.2036
MinimumVisualStudioVersion = 10.0.40219.1
Project("{FAE04EC0-301F-11D3-BF4B-00C04F79EFBC}") = "WebsiteBanHang", "WebsiteBanHang\WebsiteBanHang.csproj", "{4559CBE0-93D8-4B5A-A0CA-F2FF685B42BD}"
EndProject
Global
	GlobalSection(SolutionConfigurationPlatforms) = preSolution
		Debug|Any CPU = Debug|Any CPU
		Release|Any CPU = Release|Any CPU
	EndGlobalSection
	GlobalSection(ProjectConfigurationPlatforms) = postSolution
		{4559CBE0-93D8-4B5A-A0CA-F2FF685B42BD}.Debug|Any CPU.ActiveCfg = Debug|Any CPU
		{4559CBE0-93D8-4B5A-A0CA-F2FF685B42BD}.Debug|Any CPU.Build.0 = Debug|Any CPU
		{4559CBE0-93D8-4B5A-A0CA-F2FF685B42BD}.Release|Any CPU.ActiveCfg = Release|Any CPU
		{4559CBE0-93D8-4B5A-A0CA-F2FF685B42BD}.Release|Any CPU.Build.0 = Release|Any CPU
	EndGlobalSection
	GlobalSection(SolutionProperties) = preSolution
		HideSolutionNode = FALSE
	EndGlobalSection
	GlobalSection(ExtensibilityGlobals) = postSolution
		SolutionGuid = {6CC92AD0-66BD-4DB1-AC28-3C70AA834F4E}
	EndGlobalSection
EndGlobal
